
Microsoft Visual Studio Solution File, Format Version 12.00
# Visual Studio Version 16
VisualStudioVersion = 16.0.30907.101
MinimumVisualStudioVersion = 10.0.40219.1
Project("{FAE04EC0-301F-11D3-BF4B-00C04F79EFBC}") = "TestMainApp", "TestMainApp\TestMainApp.csproj", "{BDB42BD5-65C4-419C-8109-376D4962F0A5}"
EndProject
Global
	GlobalSection(SolutionConfigurationPlatforms) = preSolution
		Debug|Any CPU = Debug|Any CPU
		Release|Any CPU = Release|Any CPU
	EndGlobalSection
	GlobalSection(ProjectConfigurationPlatforms) = postSolution
		{BDB42BD5-65C4-419C-8109-376D4962F0A5}.Debug|Any CPU.ActiveCfg = Debug|Any CPU
		{BDB42BD5-65C4-419C-8109-376D4962F0A5}.Debug|Any CPU.Build.0 = Debug|Any CPU
		{BDB42BD5-65C4-419C-8109-376D4962F0A5}.Release|Any CPU.ActiveCfg = Release|Any CPU
		{BDB42BD5-65C4-419C-8109-376D4962F0A5}.Release|Any CPU.Build.0 = Release|Any CPU
	EndGlobalSection
	GlobalSection(SolutionProperties) = preSolution
		HideSolutionNode = FALSE
	EndGlobalSection
	GlobalSection(ExtensibilityGlobals) = postSolution
		SolutionGuid = {5EF9E915-286E-4765-8D3A-97A28712A529}
	EndGlobalSection
EndGlobal
